
Microsoft Visual Studio Solution File, Format Version 12.00
# Visual Studio Version 17
VisualStudioVersion = 17.8.34525.116
MinimumVisualStudioVersion = 10.0.40219.1
Project("{FAE04EC0-301F-11D3-BF4B-00C04F79EFBC}") = "Tasknator.API", "Tasknator.API\Tasknator.API.csproj", "{51DC74E7-B199-405A-B4B8-A95BDFA8A4F5}"
EndProject
Project("{FAE04EC0-301F-11D3-BF4B-00C04F79EFBC}") = "Tasknator.Communication", "Tasknator.Communication\Tasknator.Communication.csproj", "{208CCB64-FF24-44C3-A31A-8A86C7D70727}"
EndProject
Project("{FAE04EC0-301F-11D3-BF4B-00C04F79EFBC}") = "Tasknator.Application", "Tasknator.Application\Tasknator.Application.csproj", "{2D3561D9-A5E8-4BB3-9E00-CC01E7D10483}"
EndProject
Global
	GlobalSection(SolutionConfigurationPlatforms) = preSolution
		Debug|Any CPU = Debug|Any CPU
		Release|Any CPU = Release|Any CPU
	EndGlobalSection
	GlobalSection(ProjectConfigurationPlatforms) = postSolution
		{51DC74E7-B199-405A-B4B8-A95BDFA8A4F5}.Debug|Any CPU.ActiveCfg = Debug|Any CPU
		{51DC74E7-B199-405A-B4B8-A95BDFA8A4F5}.Debug|Any CPU.Build.0 = Debug|Any CPU
		{51DC74E7-B199-405A-B4B8-A95BDFA8A4F5}.Release|Any CPU.ActiveCfg = Release|Any CPU
		{51DC74E7-B199-405A-B4B8-A95BDFA8A4F5}.Release|Any CPU.Build.0 = Release|Any CPU
		{208CCB64-FF24-44C3-A31A-8A86C7D70727}.Debug|Any CPU.ActiveCfg = Debug|Any CPU
		{208CCB64-FF24-44C3-A31A-8A86C7D70727}.Debug|Any CPU.Build.0 = Debug|Any CPU
		{208CCB64-FF24-44C3-A31A-8A86C7D70727}.Release|Any CPU.ActiveCfg = Release|Any CPU
		{208CCB64-FF24-44C3-A31A-8A86C7D70727}.Release|Any CPU.Build.0 = Release|Any CPU
		{2D3561D9-A5E8-4BB3-9E00-CC01E7D10483}.Debug|Any CPU.ActiveCfg = Debug|Any CPU
		{2D3561D9-A5E8-4BB3-9E00-CC01E7D10483}.Debug|Any CPU.Build.0 = Debug|Any CPU
		{2D3561D9-A5E8-4BB3-9E00-CC01E7D10483}.Release|Any CPU.ActiveCfg = Release|Any CPU
		{2D3561D9-A5E8-4BB3-9E00-CC01E7D10483}.Release|Any CPU.Build.0 = Release|Any CPU
	EndGlobalSection
	GlobalSection(SolutionProperties) = preSolution
		HideSolutionNode = FALSE
	EndGlobalSection
	GlobalSection(ExtensibilityGlobals) = postSolution
		SolutionGuid = {9A5BCF91-4C9F-4ECE-80B0-3247F7D0F2AE}
	EndGlobalSection
EndGlobal
